// !$*UTF8*$!
{
	archiveVersion = 1;
	classes = {
	};
	objectVersion = 46;
	objects = {

/* Begin PBXBuildFile section */
		772F466E1ABB22E100980812 /* main.m in Sources */ = {isa = PBXBuildFile; fileRef = 772F466D1ABB22E100980812 /* main.m */; };
		772F46711ABB22E100980812 /* AppDelegate.m in Sources */ = {isa = PBXBuildFile; fileRef = 772F46701ABB22E100980812 /* AppDelegate.m */; };
		772F46741ABB22E100980812 /* QuestionListViewController.m in Sources */ = {isa = PBXBuildFile; fileRef = 772F46731ABB22E100980812 /* QuestionListViewController.m */; };
		772F46771ABB22E100980812 /* Main.storyboard in Resources */ = {isa = PBXBuildFile; fileRef = 772F46751ABB22E100980812 /* Main.storyboard */; };
		772F46791ABB22E100980812 /* Images.xcassets in Resources */ = {isa = PBXBuildFile; fileRef = 772F46781ABB22E100980812 /* Images.xcassets */; };
		772F467C1ABB22E100980812 /* LaunchScreen.xib in Resources */ = {isa = PBXBuildFile; fileRef = 772F467A1ABB22E100980812 /* LaunchScreen.xib */; };
		772F46881ABB22E100980812 /* ReviewDayTests.m in Sources */ = {isa = PBXBuildFile; fileRef = 772F46871ABB22E100980812 /* ReviewDayTests.m */; };
		772F46961ABB28B000980812 /* Model.xcdatamodeld in Sources */ = {isa = PBXBuildFile; fileRef = 772F46941ABB28B000980812 /* Model.xcdatamodeld */; };
		772F46991ABB2A5800980812 /* Question.m in Sources */ = {isa = PBXBuildFile; fileRef = 772F46981ABB2A5800980812 /* Question.m */; };
		772F469C1ABB2A5900980812 /* User.m in Sources */ = {isa = PBXBuildFile; fileRef = 772F469B1ABB2A5900980812 /* User.m */; };
		772F469F1ABB2ACB00980812 /* QuestionController.m in Sources */ = {isa = PBXBuildFile; fileRef = 772F469E1ABB2ACB00980812 /* QuestionController.m */; };
		772F46A21ABB2D6500980812 /* Stack.m in Sources */ = {isa = PBXBuildFile; fileRef = 772F46A11ABB2D6500980812 /* Stack.m */; };
		772F46A41ABB2D7100980812 /* CoreData.framework in Frameworks */ = {isa = PBXBuildFile; fileRef = 772F46A31ABB2D7100980812 /* CoreData.framework */; };
		772F46A71ABB3EF100980812 /* QuestionDetailViewViewController.m in Sources */ = {isa = PBXBuildFile; fileRef = 772F46A61ABB3EF100980812 /* QuestionDetailViewViewController.m */; };
/* End PBXBuildFile section */

/* Begin PBXContainerItemProxy section */
		772F46821ABB22E100980812 /* PBXContainerItemProxy */ = {
			isa = PBXContainerItemProxy;
			containerPortal = 772F46601ABB22E100980812 /* Project object */;
			proxyType = 1;
			remoteGlobalIDString = 772F46671ABB22E100980812;
			remoteInfo = ReviewDay;
		};
/* End PBXContainerItemProxy section */

/* Begin PBXFileReference section */
		772F46681ABB22E100980812 /* ReviewDay.app */ = {isa = PBXFileReference; explicitFileType = wrapper.application; includeInIndex = 0; path = ReviewDay.app; sourceTree = BUILT_PRODUCTS_DIR; };
		772F466C1ABB22E100980812 /* Info.plist */ = {isa = PBXFileReference; lastKnownFileType = text.plist.xml; path = Info.plist; sourceTree = "<group>"; };
		772F466D1ABB22E100980812 /* main.m */ = {isa = PBXFileReference; lastKnownFileType = sourcecode.c.objc; path = main.m; sourceTree = "<group>"; };
		772F466F1ABB22E100980812 /* AppDelegate.h */ = {isa = PBXFileReference; lastKnownFileType = sourcecode.c.h; path = AppDelegate.h; sourceTree = "<group>"; };
		772F46701ABB22E100980812 /* AppDelegate.m */ = {isa = PBXFileReference; lastKnownFileType = sourcecode.c.objc; path = AppDelegate.m; sourceTree = "<group>"; };
		772F46721ABB22E100980812 /* QuestionListViewController.h */ = {isa = PBXFileReference; lastKnownFileType = sourcecode.c.h; path = QuestionListViewController.h; sourceTree = "<group>"; };
		772F46731ABB22E100980812 /* QuestionListViewController.m */ = {isa = PBXFileReference; lastKnownFileType = sourcecode.c.objc; path = QuestionListViewController.m; sourceTree = "<group>"; };
		772F46761ABB22E100980812 /* Base */ = {isa = PBXFileReference; lastKnownFileType = file.storyboard; name = Base; path = Base.lproj/Main.storyboard; sourceTree = "<group>"; };
		772F46781ABB22E100980812 /* Images.xcassets */ = {isa = PBXFileReference; lastKnownFileType = folder.assetcatalog; path = Images.xcassets; sourceTree = "<group>"; };
		772F467B1ABB22E100980812 /* Base */ = {isa = PBXFileReference; lastKnownFileType = file.xib; name = Base; path = Base.lproj/LaunchScreen.xib; sourceTree = "<group>"; };
		772F46811ABB22E100980812 /* ReviewDayTests.xctest */ = {isa = PBXFileReference; explicitFileType = wrapper.cfbundle; includeInIndex = 0; path = ReviewDayTests.xctest; sourceTree = BUILT_PRODUCTS_DIR; };
		772F46861ABB22E100980812 /* Info.plist */ = {isa = PBXFileReference; lastKnownFileType = text.plist.xml; path = Info.plist; sourceTree = "<group>"; };
		772F46871ABB22E100980812 /* ReviewDayTests.m */ = {isa = PBXFileReference; lastKnownFileType = sourcecode.c.objc; path = ReviewDayTests.m; sourceTree = "<group>"; };
		772F46951ABB28B000980812 /* Model.xcdatamodel */ = {isa = PBXFileReference; lastKnownFileType = wrapper.xcdatamodel; path = Model.xcdatamodel; sourceTree = "<group>"; };
		772F46971ABB2A5800980812 /* Question.h */ = {isa = PBXFileReference; fileEncoding = 4; lastKnownFileType = sourcecode.c.h; path = Question.h; sourceTree = "<group>"; };
		772F46981ABB2A5800980812 /* Question.m */ = {isa = PBXFileReference; fileEncoding = 4; lastKnownFileType = sourcecode.c.objc; path = Question.m; sourceTree = "<group>"; };
		772F469A1ABB2A5900980812 /* User.h */ = {isa = PBXFileReference; fileEncoding = 4; lastKnownFileType = sourcecode.c.h; path = User.h; sourceTree = "<group>"; };
		772F469B1ABB2A5900980812 /* User.m */ = {isa = PBXFileReference; fileEncoding = 4; lastKnownFileType = sourcecode.c.objc; path = User.m; sourceTree = "<group>"; };
		772F469D1ABB2ACB00980812 /* QuestionController.h */ = {isa = PBXFileReference; fileEncoding = 4; lastKnownFileType = sourcecode.c.h; name = QuestionController.h; path = ../QuestionController.h; sourceTree = "<group>"; };
		772F469E1ABB2ACB00980812 /* QuestionController.m */ = {isa = PBXFileReference; fileEncoding = 4; lastKnownFileType = sourcecode.c.objc; name = QuestionController.m; path = ../QuestionController.m; sourceTree = "<group>"; };
		772F46A01ABB2D6500980812 /* Stack.h */ = {isa = PBXFileReference; fileEncoding = 4; lastKnownFileType = sourcecode.c.h; path = Stack.h; sourceTree = "<group>"; };
		772F46A11ABB2D6500980812 /* Stack.m */ = {isa = PBXFileReference; fileEncoding = 4; lastKnownFileType = sourcecode.c.objc; path = Stack.m; sourceTree = "<group>"; };
		772F46A31ABB2D7100980812 /* CoreData.framework */ = {isa = PBXFileReference; lastKnownFileType = wrapper.framework; name = CoreData.framework; path = System/Library/Frameworks/CoreData.framework; sourceTree = SDKROOT; };
		772F46A51ABB3EF100980812 /* QuestionDetailViewViewController.h */ = {isa = PBXFileReference; fileEncoding = 4; lastKnownFileType = sourcecode.c.h; path = QuestionDetailViewViewController.h; sourceTree = "<group>"; };
		772F46A61ABB3EF100980812 /* QuestionDetailViewViewController.m */ = {isa = PBXFileReference; fileEncoding = 4; lastKnownFileType = sourcecode.c.objc; path = QuestionDetailViewViewController.m; sourceTree = "<group>"; };
/* End PBXFileReference section */

/* Begin PBXFrameworksBuildPhase section */
		772F46651ABB22E100980812 /* Frameworks */ = {
			isa = PBXFrameworksBuildPhase;
			buildActionMask = 2147483647;
			files = (
				772F46A41ABB2D7100980812 /* CoreData.framework in Frameworks */,
			);
			runOnlyForDeploymentPostprocessing = 0;
		};
		772F467E1ABB22E100980812 /* Frameworks */ = {
			isa = PBXFrameworksBuildPhase;
			buildActionMask = 2147483647;
			files = (
			);
			runOnlyForDeploymentPostprocessing = 0;
		};
/* End PBXFrameworksBuildPhase section */

/* Begin PBXGroup section */
		772F465F1ABB22E100980812 = {
			isa = PBXGroup;
			children = (
				772F46A31ABB2D7100980812 /* CoreData.framework */,
				772F466A1ABB22E100980812 /* ReviewDay */,
				772F46841ABB22E100980812 /* ReviewDayTests */,
				772F46691ABB22E100980812 /* Products */,
			);
			sourceTree = "<group>";
		};
		772F46691ABB22E100980812 /* Products */ = {
			isa = PBXGroup;
			children = (
				772F46681ABB22E100980812 /* ReviewDay.app */,
				772F46811ABB22E100980812 /* ReviewDayTests.xctest */,
			);
			name = Products;
			sourceTree = "<group>";
		};
		772F466A1ABB22E100980812 /* ReviewDay */ = {
			isa = PBXGroup;
			children = (
				772F46751ABB22E100980812 /* Main.storyboard */,
				772F466F1ABB22E100980812 /* AppDelegate.h */,
				772F46701ABB22E100980812 /* AppDelegate.m */,
				772F46721ABB22E100980812 /* QuestionListViewController.h */,
				772F46731ABB22E100980812 /* QuestionListViewController.m */,
				772F46A51ABB3EF100980812 /* QuestionDetailViewViewController.h */,
				772F46A61ABB3EF100980812 /* QuestionDetailViewViewController.m */,
				772F469D1ABB2ACB00980812 /* QuestionController.h */,
				772F469E1ABB2ACB00980812 /* QuestionController.m */,
				772F46971ABB2A5800980812 /* Question.h */,
				772F46981ABB2A5800980812 /* Question.m */,
				772F469A1ABB2A5900980812 /* User.h */,
				772F469B1ABB2A5900980812 /* User.m */,
				772F46A01ABB2D6500980812 /* Stack.h */,
				772F46A11ABB2D6500980812 /* Stack.m */,
				772F46941ABB28B000980812 /* Model.xcdatamodeld */,
				772F46781ABB22E100980812 /* Images.xcassets */,
				772F467A1ABB22E100980812 /* LaunchScreen.xib */,
				772F466B1ABB22E100980812 /* Supporting Files */,
			);
			path = ReviewDay;
			sourceTree = "<group>";
		};
		772F466B1ABB22E100980812 /* Supporting Files */ = {
			isa = PBXGroup;
			children = (
				772F466C1ABB22E100980812 /* Info.plist */,
				772F466D1ABB22E100980812 /* main.m */,
			);
			name = "Supporting Files";
			sourceTree = "<group>";
		};
		772F46841ABB22E100980812 /* ReviewDayTests */ = {
			isa = PBXGroup;
			children = (
				772F46871ABB22E100980812 /* ReviewDayTests.m */,
				772F46851ABB22E100980812 /* Supporting Files */,
			);
			path = ReviewDayTests;
			sourceTree = "<group>";
		};
		772F46851ABB22E100980812 /* Supporting Files */ = {
			isa = PBXGroup;
			children = (
				772F46861ABB22E100980812 /* Info.plist */,
			);
			name = "Supporting Files";
			sourceTree = "<group>";
		};
/* End PBXGroup section */

/* Begin PBXNativeTarget section */
		772F46671ABB22E100980812 /* ReviewDay */ = {
			isa = PBXNativeTarget;
			buildConfigurationList = 772F468B1ABB22E100980812 /* Build configuration list for PBXNativeTarget "ReviewDay" */;
			buildPhases = (
				772F46641ABB22E100980812 /* Sources */,
				772F46651ABB22E100980812 /* Frameworks */,
				772F46661ABB22E100980812 /* Resources */,
			);
			buildRules = (
			);
			dependencies = (
			);
			name = ReviewDay;
			productName = ReviewDay;
			productReference = 772F46681ABB22E100980812 /* ReviewDay.app */;
			productType = "com.apple.product-type.application";
		};
		772F46801ABB22E100980812 /* ReviewDayTests */ = {
			isa = PBXNativeTarget;
			buildConfigurationList = 772F468E1ABB22E100980812 /* Build configuration list for PBXNativeTarget "ReviewDayTests" */;
			buildPhases = (
				772F467D1ABB22E100980812 /* Sources */,
				772F467E1ABB22E100980812 /* Frameworks */,
				772F467F1ABB22E100980812 /* Resources */,
			);
			buildRules = (
			);
			dependencies = (
				772F46831ABB22E100980812 /* PBXTargetDependency */,
			);
			name = ReviewDayTests;
			productName = ReviewDayTests;
			productReference = 772F46811ABB22E100980812 /* ReviewDayTests.xctest */;
			productType = "com.apple.product-type.bundle.unit-test";
		};
/* End PBXNativeTarget section */

/* Begin PBXProject section */
		772F46601ABB22E100980812 /* Project object */ = {
			isa = PBXProject;
			attributes = {
				LastUpgradeCheck = 0620;
				ORGANIZATIONNAME = "Dev Mountain";
				TargetAttributes = {
					772F46671ABB22E100980812 = {
						CreatedOnToolsVersion = 6.2;
					};
					772F46801ABB22E100980812 = {
						CreatedOnToolsVersion = 6.2;
						TestTargetID = 772F46671ABB22E100980812;
					};
				};
			};
			buildConfigurationList = 772F46631ABB22E100980812 /* Build configuration list for PBXProject "ReviewDay" */;
			compatibilityVersion = "Xcode 3.2";
			developmentRegion = English;
			hasScannedForEncodings = 0;
			knownRegions = (
				en,
				Base,
			);
			mainGroup = 772F465F1ABB22E100980812;
			productRefGroup = 772F46691ABB22E100980812 /* Products */;
			projectDirPath = "";
			projectRoot = "";
			targets = (
				772F46671ABB22E100980812 /* ReviewDay */,
				772F46801ABB22E100980812 /* ReviewDayTests */,
			);
		};
/* End PBXProject section */

/* Begin PBXResourcesBuildPhase section */
		772F46661ABB22E100980812 /* Resources */ = {
			isa = PBXResourcesBuildPhase;
			buildActionMask = 2147483647;
			files = (
				772F46771ABB22E100980812 /* Main.storyboard in Resources */,
				772F467C1ABB22E100980812 /* LaunchScreen.xib in Resources */,
				772F46791ABB22E100980812 /* Images.xcassets in Resources */,
			);
			runOnlyForDeploymentPostprocessing = 0;
		};
		772F467F1ABB22E100980812 /* Resources */ = {
			isa = PBXResourcesBuildPhase;
			buildActionMask = 2147483647;
			files = (
			);
			runOnlyForDeploymentPostprocessing = 0;
		};
/* End PBXResourcesBuildPhase section */

/* Begin PBXSourcesBuildPhase section */
		772F46641ABB22E100980812 /* Sources */ = {
			isa = PBXSourcesBuildPhase;
			buildActionMask = 2147483647;
			files = (
				772F46A21ABB2D6500980812 /* Stack.m in Sources */,
				772F46741ABB22E100980812 /* QuestionListViewController.m in Sources */,
				772F46A71ABB3EF100980812 /* QuestionDetailViewViewController.m in Sources */,
				772F469C1ABB2A5900980812 /* User.m in Sources */,
				772F46711ABB22E100980812 /* AppDelegate.m in Sources */,
				772F469F1ABB2ACB00980812 /* QuestionController.m in Sources */,
				772F46961ABB28B000980812 /* Model.xcdatamodeld in Sources */,
				772F46991ABB2A5800980812 /* Question.m in Sources */,
				772F466E1ABB22E100980812 /* main.m in Sources */,
			);
			runOnlyForDeploymentPostprocessing = 0;
		};
		772F467D1ABB22E100980812 /* Sources */ = {
			isa = PBXSourcesBuildPhase;
			buildActionMask = 2147483647;
			files = (
				772F46881ABB22E100980812 /* ReviewDayTests.m in Sources */,
			);
			runOnlyForDeploymentPostprocessing = 0;
		};
/* End PBXSourcesBuildPhase section */

/* Begin PBXTargetDependency section */
		772F46831ABB22E100980812 /* PBXTargetDependency */ = {
			isa = PBXTargetDependency;
			target = 772F46671ABB22E100980812 /* ReviewDay */;
			targetProxy = 772F46821ABB22E100980812 /* PBXContainerItemProxy */;
		};
/* End PBXTargetDependency section */

/* Begin PBXVariantGroup section */
		772F46751ABB22E100980812 /* Main.storyboard */ = {
			isa = PBXVariantGroup;
			children = (
				772F46761ABB22E100980812 /* Base */,
			);
			name = Main.storyboard;
			sourceTree = "<group>";
		};
		772F467A1ABB22E100980812 /* LaunchScreen.xib */ = {
			isa = PBXVariantGroup;
			children = (
				772F467B1ABB22E100980812 /* Base */,
			);
			name = LaunchScreen.xib;
			sourceTree = "<group>";
		};
/* End PBXVariantGroup section */

/* Begin XCBuildConfiguration section */
		772F46891ABB22E100980812 /* Debug */ = {
			isa = XCBuildConfiguration;
			buildSettings = {
				ALWAYS_SEARCH_USER_PATHS = NO;
				CLANG_CXX_LANGUAGE_STANDARD = "gnu++0x";
				CLANG_CXX_LIBRARY = "libc++";
				CLANG_ENABLE_MODULES = YES;
				CLANG_ENABLE_OBJC_ARC = YES;
				CLANG_WARN_BOOL_CONVERSION = YES;
				CLANG_WARN_CONSTANT_CONVERSION = YES;
				CLANG_WARN_DIRECT_OBJC_ISA_USAGE = YES_ERROR;
				CLANG_WARN_EMPTY_BODY = YES;
				CLANG_WARN_ENUM_CONVERSION = YES;
				CLANG_WARN_INT_CONVERSION = YES;
				CLANG_WARN_OBJC_ROOT_CLASS = YES_ERROR;
				CLANG_WARN_UNREACHABLE_CODE = YES;
				CLANG_WARN__DUPLICATE_METHOD_MATCH = YES;
				"CODE_SIGN_IDENTITY[sdk=iphoneos*]" = "iPhone Developer";
				COPY_PHASE_STRIP = NO;
				ENABLE_STRICT_OBJC_MSGSEND = YES;
				GCC_C_LANGUAGE_STANDARD = gnu99;
				GCC_DYNAMIC_NO_PIC = NO;
				GCC_OPTIMIZATION_LEVEL = 0;
				GCC_PREPROCESSOR_DEFINITIONS = (
					"DEBUG=1",
					"$(inherited)",
				);
				GCC_SYMBOLS_PRIVATE_EXTERN = NO;
				GCC_WARN_64_TO_32_BIT_CONVERSION = YES;
				GCC_WARN_ABOUT_RETURN_TYPE = YES_ERROR;
				GCC_WARN_UNDECLARED_SELECTOR = YES;
				GCC_WARN_UNINITIALIZED_AUTOS = YES_AGGRESSIVE;
				GCC_WARN_UNUSED_FUNCTION = YES;
				GCC_WARN_UNUSED_VARIABLE = YES;
				IPHONEOS_DEPLOYMENT_TARGET = 8.2;
				MTL_ENABLE_DEBUG_INFO = YES;
				ONLY_ACTIVE_ARCH = YES;
				SDKROOT = iphoneos;
			};
			name = Debug;
		};
		772F468A1ABB22E100980812 /* Release */ = {
			isa = XCBuildConfiguration;
			buildSettings = {
				ALWAYS_SEARCH_USER_PATHS = NO;
				CLANG_CXX_LANGUAGE_STANDARD = "gnu++0x";
				CLANG_CXX_LIBRARY = "libc++";
				CLANG_ENABLE_MODULES = YES;
				CLANG_ENABLE_OBJC_ARC = YES;
				CLANG_WARN_BOOL_CONVERSION = YES;
				CLANG_WARN_CONSTANT_CONVERSION = YES;
				CLANG_WARN_DIRECT_OBJC_ISA_USAGE = YES_ERROR;
				CLANG_WARN_EMPTY_BODY = YES;
				CLANG_WARN_ENUM_CONVERSION = YES;
				CLANG_WARN_INT_CONVERSION = YES;
				CLANG_WARN_OBJC_ROOT_CLASS = YES_ERROR;
				CLANG_WARN_UNREACHABLE_CODE = YES;
				CLANG_WARN__DUPLICATE_METHOD_MATCH = YES;
				"CODE_SIGN_IDENTITY[sdk=iphoneos*]" = "iPhone Developer";
				COPY_PHASE_STRIP = NO;
				ENABLE_NS_ASSERTIONS = NO;
				ENABLE_STRICT_OBJC_MSGSEND = YES;
				GCC_C_LANGUAGE_STANDARD = gnu99;
				GCC_WARN_64_TO_32_BIT_CONVERSION = YES;
				GCC_WARN_ABOUT_RETURN_TYPE = YES_ERROR;
				GCC_WARN_UNDECLARED_SELECTOR = YES;
				GCC_WARN_UNINITIALIZED_AUTOS = YES_AGGRESSIVE;
				GCC_WARN_UNUSED_FUNCTION = YES;
				GCC_WARN_UNUSED_VARIABLE = YES;
				IPHONEOS_DEPLOYMENT_TARGET = 8.2;
				MTL_ENABLE_DEBUG_INFO = NO;
				SDKROOT = iphoneos;
				VALIDATE_PRODUCT = YES;
			};
			name = Release;
		};
		772F468C1ABB22E100980812 /* Debug */ = {
			isa = XCBuildConfiguration;
			buildSettings = {
				ASSETCATALOG_COMPILER_APPICON_NAME = AppIcon;
				INFOPLIST_FILE = ReviewDay/Info.plist;
				LD_RUNPATH_SEARCH_PATHS = "$(inherited) @executable_path/Frameworks";
				PRODUCT_NAME = "$(TARGET_NAME)";
			};
			name = Debug;
		};
		772F468D1ABB22E100980812 /* Release */ = {
			isa = XCBuildConfiguration;
			buildSettings = {
				ASSETCATALOG_COMPILER_APPICON_NAME = AppIcon;
				INFOPLIST_FILE = ReviewDay/Info.plist;
				LD_RUNPATH_SEARCH_PATHS = "$(inherited) @executable_path/Frameworks";
				PRODUCT_NAME = "$(TARGET_NAME)";
			};
			name = Release;
		};
		772F468F1ABB22E100980812 /* Debug */ = {
			isa = XCBuildConfiguration;
			buildSettings = {
				BUNDLE_LOADER = "$(TEST_HOST)";
				FRAMEWORK_SEARCH_PATHS = (
					"$(SDKROOT)/Developer/Library/Frameworks",
					"$(inherited)",
				);
				GCC_PREPROCESSOR_DEFINITIONS = (
					"DEBUG=1",
					"$(inherited)",
				);
				INFOPLIST_FILE = ReviewDayTests/Info.plist;
				LD_RUNPATH_SEARCH_PATHS = "$(inherited) @executable_path/Frameworks @loader_path/Frameworks";
				PRODUCT_NAME = "$(TARGET_NAME)";
				TEST_HOST = "$(BUILT_PRODUCTS_DIR)/ReviewDay.app/ReviewDay";
			};
			name = Debug;
		};
		772F46901ABB22E100980812 /* Release */ = {
			isa = XCBuildConfiguration;
			buildSettings = {
				BUNDLE_LOADER = "$(TEST_HOST)";
				FRAMEWORK_SEARCH_PATHS = (
					"$(SDKROOT)/Developer/Library/Frameworks",
					"$(inherited)",
				);
				INFOPLIST_FILE = ReviewDayTests/Info.plist;
				LD_RUNPATH_SEARCH_PATHS = "$(inherited) @executable_path/Frameworks @loader_path/Frameworks";
				PRODUCT_NAME = "$(TARGET_NAME)";
				TEST_HOST = "$(BUILT_PRODUCTS_DIR)/ReviewDay.app/ReviewDay";
			};
			name = Release;
		};
/* End XCBuildConfiguration section */

/* Begin XCConfigurationList section */
		772F46631ABB22E100980812 /* Build configuration list for PBXProject "ReviewDay" */ = {
			isa = XCConfigurationList;
			buildConfigurations = (
				772F46891ABB22E100980812 /* Debug */,
				772F468A1ABB22E100980812 /* Release */,
			);
			defaultConfigurationIsVisible = 0;
			defaultConfigurationName = Release;
		};
		772F468B1ABB22E100980812 /* Build configuration list for PBXNativeTarget "ReviewDay" */ = {
			isa = XCConfigurationList;
			buildConfigurations = (
				772F468C1ABB22E100980812 /* Debug */,
				772F468D1ABB22E100980812 /* Release */,
			);
			defaultConfigurationIsVisible = 0;
			defaultConfigurationName = Release;
		};
		772F468E1ABB22E100980812 /* Build configuration list for PBXNativeTarget "ReviewDayTests" */ = {
			isa = XCConfigurationList;
			buildConfigurations = (
				772F468F1ABB22E100980812 /* Debug */,
				772F46901ABB22E100980812 /* Release */,
			);
			defaultConfigurationIsVisible = 0;
			defaultConfigurationName = Release;
		};
/* End XCConfigurationList section */

/* Begin XCVersionGroup section */
		772F46941ABB28B000980812 /* Model.xcdatamodeld */ = {
			isa = XCVersionGroup;
			children = (
				772F46951ABB28B000980812 /* Model.xcdatamodel */,
			);
			currentVersion = 772F46951ABB28B000980812 /* Model.xcdatamodel */;
			path = Model.xcdatamodeld;
			sourceTree = "<group>";
			versionGroupType = wrapper.xcdatamodel;
		};
/* End XCVersionGroup section */
	};
	rootObject = 772F46601ABB22E100980812 /* Project object */;
}
